
Microsoft Visual Studio Solution File, Format Version 12.00
# Visual Studio Version 16
VisualStudioVersion = 16.0.30204.135
MinimumVisualStudioVersion = 10.0.40219.1
Project("{FAE04EC0-301F-11D3-BF4B-00C04F79EFBC}") = "SelectionStatements", "SelectionStatements\SelectionStatements.csproj", "{9363100A-7D1E-4B3C-9376-D9838D0FBD07}"
EndProject
Global
	GlobalSection(SolutionConfigurationPlatforms) = preSolution
		Debug|Any CPU = Debug|Any CPU
		Release|Any CPU = Release|Any CPU
	EndGlobalSection
	GlobalSection(ProjectConfigurationPlatforms) = postSolution
		{9363100A-7D1E-4B3C-9376-D9838D0FBD07}.Debug|Any CPU.ActiveCfg = Debug|Any CPU
		{9363100A-7D1E-4B3C-9376-D9838D0FBD07}.Debug|Any CPU.Build.0 = Debug|Any CPU
		{9363100A-7D1E-4B3C-9376-D9838D0FBD07}.Release|Any CPU.ActiveCfg = Release|Any CPU
		{9363100A-7D1E-4B3C-9376-D9838D0FBD07}.Release|Any CPU.Build.0 = Release|Any CPU
	EndGlobalSection
	GlobalSection(SolutionProperties) = preSolution
		HideSolutionNode = FALSE
	EndGlobalSection
	GlobalSection(ExtensibilityGlobals) = postSolution
		SolutionGuid = {B61630E7-7339-4190-AA13-15657B8CFDAE}
	EndGlobalSection
EndGlobal
